
Microsoft Visual Studio Solution File, Format Version 12.00
# Visual Studio 14
VisualStudioVersion = 14.0.25420.1
MinimumVisualStudioVersion = 10.0.40219.1
Project("{FAE04EC0-301F-11D3-BF4B-00C04F79EFBC}") = "Digital Signature Algorithm(DSA)", "Digital Signature Algorithm(DSA)\Digital Signature Algorithm(DSA).csproj", "{194D7E41-1373-4598-8379-7E2E3F8C73FB}"
EndProject
Project("{FAE04EC0-301F-11D3-BF4B-00C04F79EFBC}") = "RSA Algorithm", "RSA Algorithm\RSA Algorithm.csproj", "{5F3E81B7-D816-481B-8A7F-E304E044A653}"
EndProject
Project("{FAE04EC0-301F-11D3-BF4B-00C04F79EFBC}") = "Fiat-Shamir", "Fiat-Shamir\Fiat-Shamir.csproj", "{557AA274-BF87-480C-A9EA-431642FFD304}"
EndProject
Global
	GlobalSection(SolutionConfigurationPlatforms) = preSolution
		Debug|Any CPU = Debug|Any CPU
		Release|Any CPU = Release|Any CPU
	EndGlobalSection
	GlobalSection(ProjectConfigurationPlatforms) = postSolution
		{194D7E41-1373-4598-8379-7E2E3F8C73FB}.Debug|Any CPU.ActiveCfg = Debug|Any CPU
		{194D7E41-1373-4598-8379-7E2E3F8C73FB}.Debug|Any CPU.Build.0 = Debug|Any CPU
		{194D7E41-1373-4598-8379-7E2E3F8C73FB}.Release|Any CPU.ActiveCfg = Release|Any CPU
		{194D7E41-1373-4598-8379-7E2E3F8C73FB}.Release|Any CPU.Build.0 = Release|Any CPU
		{5F3E81B7-D816-481B-8A7F-E304E044A653}.Debug|Any CPU.ActiveCfg = Debug|Any CPU
		{5F3E81B7-D816-481B-8A7F-E304E044A653}.Debug|Any CPU.Build.0 = Debug|Any CPU
		{5F3E81B7-D816-481B-8A7F-E304E044A653}.Release|Any CPU.ActiveCfg = Release|Any CPU
		{5F3E81B7-D816-481B-8A7F-E304E044A653}.Release|Any CPU.Build.0 = Release|Any CPU
		{557AA274-BF87-480C-A9EA-431642FFD304}.Debug|Any CPU.ActiveCfg = Debug|Any CPU
		{557AA274-BF87-480C-A9EA-431642FFD304}.Debug|Any CPU.Build.0 = Debug|Any CPU
		{557AA274-BF87-480C-A9EA-431642FFD304}.Release|Any CPU.ActiveCfg = Release|Any CPU
		{557AA274-BF87-480C-A9EA-431642FFD304}.Release|Any CPU.Build.0 = Release|Any CPU
	EndGlobalSection
	GlobalSection(SolutionProperties) = preSolution
		HideSolutionNode = FALSE
	EndGlobalSection
EndGlobal
