
Microsoft Visual Studio Solution File, Format Version 12.00
# Visual Studio 14
VisualStudioVersion = 14.0.25420.1
MinimumVisualStudioVersion = 10.0.40219.1
Project("{FAE04EC0-301F-11D3-BF4B-00C04F79EFBC}") = "Digital Signature Algorithm(DSA)", "Digital Signature Algorithm(DSA)\Digital Signature Algorithm(DSA).csproj", "{194D7E41-1373-4598-8379-7E2E3F8C73FB}"
EndProject
Project("{FAE04EC0-301F-11D3-BF4B-00C04F79EFBC}") = "RSA Algorithm", "RSA Algorithm\RSA Algorithm.csproj", "{5F3E81B7-D816-481B-8A7F-E304E044A653}"
EndProject
Project("{FAE04EC0-301F-11D3-BF4B-00C04F79EFBC}") = "Fiat-Shamir", "Fiat-Shamir\Fiat-Shamir.csproj", "{557AA274-BF87-480C-A9EA-431642FFD304}"
EndProject
Project("{FAE04EC0-301F-11D3-BF4B-00C04F79EFBC}") = "Steganography", "Steganography\Steganography.csproj", "{7FF61CB4-B3F7-469C-AF0C-03CD0BC7EC97}"
EndProject
Project("{FAE04EC0-301F-11D3-BF4B-00C04F79EFBC}") = "Steganography(win-1251)", "Stegonagraphy(win-1251)\Steganography(win-1251).csproj", "{21396B6C-66D4-42E9-A166-57B1A8621FCD}"
EndProject
Project("{FAE04EC0-301F-11D3-BF4B-00C04F79EFBC}") = "DSA(WinForm)", "DSA(WinForm)\WindowsFormsApplication1\DSA(WinForm).csproj", "{EE346A61-3C6B-42C9-86F2-0F4613D813FB}"
EndProject
Global
	GlobalSection(SolutionConfigurationPlatforms) = preSolution
		Debug|Any CPU = Debug|Any CPU
		Debug|x86 = Debug|x86
		Release|Any CPU = Release|Any CPU
		Release|x86 = Release|x86
	EndGlobalSection
	GlobalSection(ProjectConfigurationPlatforms) = postSolution
		{194D7E41-1373-4598-8379-7E2E3F8C73FB}.Debug|Any CPU.ActiveCfg = Debug|Any CPU
		{194D7E41-1373-4598-8379-7E2E3F8C73FB}.Debug|Any CPU.Build.0 = Debug|Any CPU
		{194D7E41-1373-4598-8379-7E2E3F8C73FB}.Debug|x86.ActiveCfg = Debug|Any CPU
		{194D7E41-1373-4598-8379-7E2E3F8C73FB}.Debug|x86.Build.0 = Debug|Any CPU
		{194D7E41-1373-4598-8379-7E2E3F8C73FB}.Release|Any CPU.ActiveCfg = Release|Any CPU
		{194D7E41-1373-4598-8379-7E2E3F8C73FB}.Release|Any CPU.Build.0 = Release|Any CPU
		{194D7E41-1373-4598-8379-7E2E3F8C73FB}.Release|x86.ActiveCfg = Release|Any CPU
		{194D7E41-1373-4598-8379-7E2E3F8C73FB}.Release|x86.Build.0 = Release|Any CPU
		{5F3E81B7-D816-481B-8A7F-E304E044A653}.Debug|Any CPU.ActiveCfg = Debug|Any CPU
		{5F3E81B7-D816-481B-8A7F-E304E044A653}.Debug|Any CPU.Build.0 = Debug|Any CPU
		{5F3E81B7-D816-481B-8A7F-E304E044A653}.Debug|x86.ActiveCfg = Debug|Any CPU
		{5F3E81B7-D816-481B-8A7F-E304E044A653}.Debug|x86.Build.0 = Debug|Any CPU
		{5F3E81B7-D816-481B-8A7F-E304E044A653}.Release|Any CPU.ActiveCfg = Release|Any CPU
		{5F3E81B7-D816-481B-8A7F-E304E044A653}.Release|Any CPU.Build.0 = Release|Any CPU
		{5F3E81B7-D816-481B-8A7F-E304E044A653}.Release|x86.ActiveCfg = Release|Any CPU
		{5F3E81B7-D816-481B-8A7F-E304E044A653}.Release|x86.Build.0 = Release|Any CPU
		{557AA274-BF87-480C-A9EA-431642FFD304}.Debug|Any CPU.ActiveCfg = Debug|Any CPU
		{557AA274-BF87-480C-A9EA-431642FFD304}.Debug|Any CPU.Build.0 = Debug|Any CPU
		{557AA274-BF87-480C-A9EA-431642FFD304}.Debug|x86.ActiveCfg = Debug|Any CPU
		{557AA274-BF87-480C-A9EA-431642FFD304}.Debug|x86.Build.0 = Debug|Any CPU
		{557AA274-BF87-480C-A9EA-431642FFD304}.Release|Any CPU.ActiveCfg = Release|Any CPU
		{557AA274-BF87-480C-A9EA-431642FFD304}.Release|Any CPU.Build.0 = Release|Any CPU
		{557AA274-BF87-480C-A9EA-431642FFD304}.Release|x86.ActiveCfg = Release|Any CPU
		{557AA274-BF87-480C-A9EA-431642FFD304}.Release|x86.Build.0 = Release|Any CPU
		{7FF61CB4-B3F7-469C-AF0C-03CD0BC7EC97}.Debug|Any CPU.ActiveCfg = Debug|Any CPU
		{7FF61CB4-B3F7-469C-AF0C-03CD0BC7EC97}.Debug|Any CPU.Build.0 = Debug|Any CPU
		{7FF61CB4-B3F7-469C-AF0C-03CD0BC7EC97}.Debug|x86.ActiveCfg = Debug|Any CPU
		{7FF61CB4-B3F7-469C-AF0C-03CD0BC7EC97}.Debug|x86.Build.0 = Debug|Any CPU
		{7FF61CB4-B3F7-469C-AF0C-03CD0BC7EC97}.Release|Any CPU.ActiveCfg = Release|Any CPU
		{7FF61CB4-B3F7-469C-AF0C-03CD0BC7EC97}.Release|Any CPU.Build.0 = Release|Any CPU
		{7FF61CB4-B3F7-469C-AF0C-03CD0BC7EC97}.Release|x86.ActiveCfg = Release|Any CPU
		{7FF61CB4-B3F7-469C-AF0C-03CD0BC7EC97}.Release|x86.Build.0 = Release|Any CPU
		{21396B6C-66D4-42E9-A166-57B1A8621FCD}.Debug|Any CPU.ActiveCfg = Debug|x86
		{21396B6C-66D4-42E9-A166-57B1A8621FCD}.Debug|x86.ActiveCfg = Debug|x86
		{21396B6C-66D4-42E9-A166-57B1A8621FCD}.Debug|x86.Build.0 = Debug|x86
		{21396B6C-66D4-42E9-A166-57B1A8621FCD}.Release|Any CPU.ActiveCfg = Release|x86
		{21396B6C-66D4-42E9-A166-57B1A8621FCD}.Release|x86.ActiveCfg = Release|x86
		{21396B6C-66D4-42E9-A166-57B1A8621FCD}.Release|x86.Build.0 = Release|x86
		{EE346A61-3C6B-42C9-86F2-0F4613D813FB}.Debug|Any CPU.ActiveCfg = Debug|Any CPU
		{EE346A61-3C6B-42C9-86F2-0F4613D813FB}.Debug|Any CPU.Build.0 = Debug|Any CPU
		{EE346A61-3C6B-42C9-86F2-0F4613D813FB}.Debug|x86.ActiveCfg = Debug|Any CPU
		{EE346A61-3C6B-42C9-86F2-0F4613D813FB}.Debug|x86.Build.0 = Debug|Any CPU
		{EE346A61-3C6B-42C9-86F2-0F4613D813FB}.Release|Any CPU.ActiveCfg = Release|Any CPU
		{EE346A61-3C6B-42C9-86F2-0F4613D813FB}.Release|Any CPU.Build.0 = Release|Any CPU
		{EE346A61-3C6B-42C9-86F2-0F4613D813FB}.Release|x86.ActiveCfg = Release|Any CPU
		{EE346A61-3C6B-42C9-86F2-0F4613D813FB}.Release|x86.Build.0 = Release|Any CPU
	EndGlobalSection
	GlobalSection(SolutionProperties) = preSolution
		HideSolutionNode = FALSE
	EndGlobalSection
EndGlobal
