
Microsoft Visual Studio Solution File, Format Version 12.00
# Visual Studio 14
VisualStudioVersion = 14.0.25420.1
MinimumVisualStudioVersion = 10.0.40219.1
Project("{FAE04EC0-301F-11D3-BF4B-00C04F79EFBC}") = "Steganography(win-1251)", "Steganography(win-1251).csproj", "{21396B6C-66D4-42E9-A166-57B1A8621FCD}"
EndProject
Global
	GlobalSection(SolutionConfigurationPlatforms) = preSolution
		Debug|x86 = Debug|x86
		Release|x86 = Release|x86
	EndGlobalSection
	GlobalSection(ProjectConfigurationPlatforms) = postSolution
		{21396B6C-66D4-42E9-A166-57B1A8621FCD}.Debug|x86.ActiveCfg = Debug|x86
		{21396B6C-66D4-42E9-A166-57B1A8621FCD}.Debug|x86.Build.0 = Debug|x86
		{21396B6C-66D4-42E9-A166-57B1A8621FCD}.Release|x86.ActiveCfg = Release|x86
		{21396B6C-66D4-42E9-A166-57B1A8621FCD}.Release|x86.Build.0 = Release|x86
	EndGlobalSection
	GlobalSection(SolutionProperties) = preSolution
		HideSolutionNode = FALSE
	EndGlobalSection
EndGlobal
